{
  "name": "rx-nostr-issue",
  "lockfileVersion": 2,
  "requires": true,
  "packages": {
    "": {
      "dependencies": {
        "rx-nostr": "^0.0.3",
        "rxjs": "^7.8.1",
        "ws": "^8.17.1"
      }
    },
    "node_modules/@noble/hashes": {
      "version": "1.0.0",
      "resolved": "https://registry.npmjs.org/@noble/hashes/-/hashes-1.0.0.tgz",
      "integrity": "sha512-DZVbtY62kc3kkBtMHqwCOfXrT/hnoORy5BJ4+HU1IR59X0KWAOqsfzQPcUl/lQLlG7qXbe/fZ3r/emxtAl+sqg=="
    },
    "node_modules/@noble/secp256k1": {
      "version": "1.7.1",
      "resolved": "https://registry.npmjs.org/@noble/secp256k1/-/secp256k1-1.7.1.tgz",
      "integrity": "sha512-hOUk6AyBFmqVrv7k5WAw/LpszxVbj9gGN4JRkIX52fdFAj1UA61KXmZDvqVEm+pOyec3+fIeZB02LYa/pWOArw==",
      "funding": [
        {
          "type": "individual",
          "url": "https://paulmillr.com/funding/"
        }
      ]
    },
    "node_modules/bech32": {
      "version": "2.0.0",
      "resolved": "https://registry.npmjs.org/bech32/-/bech32-2.0.0.tgz",
      "integrity": "sha512-LcknSilhIGatDAsY1ak2I8VtGaHNhgMSYVxFrGLXv+xLHytaKZKcaUJJUE7qmBr7h33o5YQwP55pMI0xmkpJwg=="
    },
    "node_modules/rx-nostr": {
      "version": "0.0.3",
      "resolved": "https://registry.npmjs.org/rx-nostr/-/rx-nostr-0.0.3.tgz",
      "integrity": "sha512-t5F6G3sS+Y4R/ZHmm/Vx82FXotCG5BFVoLNds+FHvPFL12fUUk/B26ByRbMPHajzeVMPgJTRpadj5NOWm+uzmA==",
      "dependencies": {
        "@noble/hashes": "1.0.0",
        "@noble/secp256k1": "^1.7.1",
        "bech32": "^2.0.0",
        "rxjs": "^7.8.0",
        "uuid": "^9.0.0"
      }
    },
    "node_modules/rxjs": {
      "version": "7.8.1",
      "resolved": "https://registry.npmjs.org/rxjs/-/rxjs-7.8.1.tgz",
      "integrity": "sha512-AA3TVj+0A2iuIoQkWEK/tqFjBq2j+6PO6Y0zJcvzLAFhEFIO3HL0vls9hWLncZbAAbK0mar7oZ4V079I/qPMxg==",
      "dependencies": {
        "tslib": "^2.1.0"
      }
    },
    "node_modules/tslib": {
      "version": "2.5.0",
      "resolved": "https://registry.npmjs.org/tslib/-/tslib-2.5.0.tgz",
      "integrity": "sha512-336iVw3rtn2BUK7ORdIAHTyxHGRIHVReokCR3XjbckJMK7ms8FysBfhLR8IXnAgy7T0PTPNBWKiH514FOW/WSg=="
    },
    "node_modules/uuid": {
      "version": "9.0.0",
      "resolved": "https://registry.npmjs.org/uuid/-/uuid-9.0.0.tgz",
      "integrity": "sha512-MXcSTerfPa4uqyzStbRoTgt5XIe3x5+42+q1sDuy3R5MDk66URdLMOZe5aPX/SQd+kuYAh0FdP/pO28IkQyTeg==",
      "bin": {
        "uuid": "dist/bin/uuid"
      }
    },
    "node_modules/ws": {
      "version": "8.17.1",
      "resolved": "https://registry.npmjs.org/ws/-/ws-8.17.1.tgz",
      "integrity": "sha512-6XQFvXTkbfUOZOKKILFG1PDK2NDQs4azKQl26T0YS5CxqWLgXajbPZ+h4gZekJyRqFU8pvnbAbbs/3TgRPy+GQ==",
      "engines": {
        "node": ">=10.0.0"
      },
      "peerDependencies": {
        "bufferutil": "^4.0.1",
        "utf-8-validate": ">=5.0.2"
      },
      "peerDependenciesMeta": {
        "bufferutil": {
          "optional": true
        },
        "utf-8-validate": {
          "optional": true
        }
      }
    }
  },
  "dependencies": {
    "@noble/hashes": {
      "version": "1.0.0",
      "resolved": "https://registry.npmjs.org/@noble/hashes/-/hashes-1.0.0.tgz",
      "integrity": "sha512-DZVbtY62kc3kkBtMHqwCOfXrT/hnoORy5BJ4+HU1IR59X0KWAOqsfzQPcUl/lQLlG7qXbe/fZ3r/emxtAl+sqg=="
    },
    "@noble/secp256k1": {
      "version": "1.7.1",
      "resolved": "https://registry.npmjs.org/@noble/secp256k1/-/secp256k1-1.7.1.tgz",
      "integrity": "sha512-hOUk6AyBFmqVrv7k5WAw/LpszxVbj9gGN4JRkIX52fdFAj1UA61KXmZDvqVEm+pOyec3+fIeZB02LYa/pWOArw=="
    },
    "bech32": {
      "version": "2.0.0",
      "resolved": "https://registry.npmjs.org/bech32/-/bech32-2.0.0.tgz",
      "integrity": "sha512-LcknSilhIGatDAsY1ak2I8VtGaHNhgMSYVxFrGLXv+xLHytaKZKcaUJJUE7qmBr7h33o5YQwP55pMI0xmkpJwg=="
    },
    "rx-nostr": {
      "version": "0.0.3",
      "resolved": "https://registry.npmjs.org/rx-nostr/-/rx-nostr-0.0.3.tgz",
      "integrity": "sha512-t5F6G3sS+Y4R/ZHmm/Vx82FXotCG5BFVoLNds+FHvPFL12fUUk/B26ByRbMPHajzeVMPgJTRpadj5NOWm+uzmA==",
      "requires": {
        "@noble/hashes": "1.0.0",
        "@noble/secp256k1": "^1.7.1",
        "bech32": "^2.0.0",
        "rxjs": "^7.8.0",
        "uuid": "^9.0.0"
      }
    },
    "rxjs": {
      "version": "7.8.1",
      "resolved": "https://registry.npmjs.org/rxjs/-/rxjs-7.8.1.tgz",
      "integrity": "sha512-AA3TVj+0A2iuIoQkWEK/tqFjBq2j+6PO6Y0zJcvzLAFhEFIO3HL0vls9hWLncZbAAbK0mar7oZ4V079I/qPMxg==",
      "requires": {
        "tslib": "^2.1.0"
      }
    },
    "tslib": {
      "version": "2.5.0",
      "resolved": "https://registry.npmjs.org/tslib/-/tslib-2.5.0.tgz",
      "integrity": "sha512-336iVw3rtn2BUK7ORdIAHTyxHGRIHVReokCR3XjbckJMK7ms8FysBfhLR8IXnAgy7T0PTPNBWKiH514FOW/WSg=="
    },
    "uuid": {
      "version": "9.0.0",
      "resolved": "https://registry.npmjs.org/uuid/-/uuid-9.0.0.tgz",
      "integrity": "sha512-MXcSTerfPa4uqyzStbRoTgt5XIe3x5+42+q1sDuy3R5MDk66URdLMOZe5aPX/SQd+kuYAh0FdP/pO28IkQyTeg=="
    },
    "ws": {
      "version": "8.17.1",
      "resolved": "https://registry.npmjs.org/ws/-/ws-8.17.1.tgz",
      "integrity": "sha512-6XQFvXTkbfUOZOKKILFG1PDK2NDQs4azKQl26T0YS5CxqWLgXajbPZ+h4gZekJyRqFU8pvnbAbbs/3TgRPy+GQ==",
      "requires": {}
    }
  }
}
